
Microsoft Visual Studio Solution File, Format Version 12.00
# Visual Studio Version 17
VisualStudioVersion = 17.5.33424.131
MinimumVisualStudioVersion = 10.0.40219.1
Project("{FAE04EC0-301F-11D3-BF4B-00C04F79EFBC}") = "ORM_MiniApp", "ORM_MiniApp.csproj", "{A42A1C3F-BC73-4BAB-AADC-5E1496649921}"
EndProject
Global
	GlobalSection(SolutionConfigurationPlatforms) = preSolution
		Debug|Any CPU = Debug|Any CPU
		Release|Any CPU = Release|Any CPU
	EndGlobalSection
	GlobalSection(ProjectConfigurationPlatforms) = postSolution
		{A42A1C3F-BC73-4BAB-AADC-5E1496649921}.Debug|Any CPU.ActiveCfg = Debug|Any CPU
		{A42A1C3F-BC73-4BAB-AADC-5E1496649921}.Debug|Any CPU.Build.0 = Debug|Any CPU
		{A42A1C3F-BC73-4BAB-AADC-5E1496649921}.Release|Any CPU.ActiveCfg = Release|Any CPU
		{A42A1C3F-BC73-4BAB-AADC-5E1496649921}.Release|Any CPU.Build.0 = Release|Any CPU
	EndGlobalSection
	GlobalSection(SolutionProperties) = preSolution
		HideSolutionNode = FALSE
	EndGlobalSection
	GlobalSection(ExtensibilityGlobals) = postSolution
		SolutionGuid = {A02C869C-775A-4296-B522-05BF16BBF720}
	EndGlobalSection
EndGlobal
